
Microsoft Visual Studio Solution File, Format Version 12.00
# Visual Studio Version 17
VisualStudioVersion = 17.10.35013.160
MinimumVisualStudioVersion = 10.0.40219.1
Project("{FAE04EC0-301F-11D3-BF4B-00C04F79EFBC}") = "MarsSpecFlow_HannahN", "MarsSpecFlow_HannahN\MarsSpecFlow_HannahN.csproj", "{052EA64A-532C-4B3C-9C79-038D3E999E93}"
EndProject
Global
	GlobalSection(SolutionConfigurationPlatforms) = preSolution
		Debug|Any CPU = Debug|Any CPU
		Release|Any CPU = Release|Any CPU
	EndGlobalSection
	GlobalSection(ProjectConfigurationPlatforms) = postSolution
		{052EA64A-532C-4B3C-9C79-038D3E999E93}.Debug|Any CPU.ActiveCfg = Debug|Any CPU
		{052EA64A-532C-4B3C-9C79-038D3E999E93}.Debug|Any CPU.Build.0 = Debug|Any CPU
		{052EA64A-532C-4B3C-9C79-038D3E999E93}.Release|Any CPU.ActiveCfg = Release|Any CPU
		{052EA64A-532C-4B3C-9C79-038D3E999E93}.Release|Any CPU.Build.0 = Release|Any CPU
	EndGlobalSection
	GlobalSection(SolutionProperties) = preSolution
		HideSolutionNode = FALSE
	EndGlobalSection
	GlobalSection(ExtensibilityGlobals) = postSolution
		SolutionGuid = {F3248703-C0B2-4CEB-BA8C-831EA3FBFEB1}
	EndGlobalSection
EndGlobal
